
Microsoft Visual Studio Solution File, Format Version 12.00
# Visual Studio Version 16
VisualStudioVersion = 16.0.31129.286
MinimumVisualStudioVersion = 10.0.40219.1
Project("{FAE04EC0-301F-11D3-BF4B-00C04F79EFBC}") = "ISPTicketMobileApp.Android", "ISPTicketMobileApp\ISPTicketMobileApp.Android\ISPTicketMobileApp.Android.csproj", "{9B2378AA-9303-49D6-8652-E840280BC7FF}"
EndProject
Project("{FAE04EC0-301F-11D3-BF4B-00C04F79EFBC}") = "ISPTicketMobileApp", "ISPTicketMobileApp\ISPTicketMobileApp\ISPTicketMobileApp.csproj", "{3EA8FC16-16CB-4436-A028-3C3ECE816A97}"
EndProject
Global
	GlobalSection(SolutionConfigurationPlatforms) = preSolution
		Debug|Any CPU = Debug|Any CPU
		Release|Any CPU = Release|Any CPU
	EndGlobalSection
	GlobalSection(ProjectConfigurationPlatforms) = postSolution
		{9B2378AA-9303-49D6-8652-E840280BC7FF}.Debug|Any CPU.ActiveCfg = Debug|Any CPU
		{9B2378AA-9303-49D6-8652-E840280BC7FF}.Debug|Any CPU.Build.0 = Debug|Any CPU
		{9B2378AA-9303-49D6-8652-E840280BC7FF}.Debug|Any CPU.Deploy.0 = Debug|Any CPU
		{9B2378AA-9303-49D6-8652-E840280BC7FF}.Release|Any CPU.ActiveCfg = Release|Any CPU
		{9B2378AA-9303-49D6-8652-E840280BC7FF}.Release|Any CPU.Build.0 = Release|Any CPU
		{9B2378AA-9303-49D6-8652-E840280BC7FF}.Release|Any CPU.Deploy.0 = Release|Any CPU
		{3EA8FC16-16CB-4436-A028-3C3ECE816A97}.Debug|Any CPU.ActiveCfg = Debug|Any CPU
		{3EA8FC16-16CB-4436-A028-3C3ECE816A97}.Debug|Any CPU.Build.0 = Debug|Any CPU
		{3EA8FC16-16CB-4436-A028-3C3ECE816A97}.Release|Any CPU.ActiveCfg = Release|Any CPU
		{3EA8FC16-16CB-4436-A028-3C3ECE816A97}.Release|Any CPU.Build.0 = Release|Any CPU
	EndGlobalSection
	GlobalSection(SolutionProperties) = preSolution
		HideSolutionNode = FALSE
	EndGlobalSection
	GlobalSection(ExtensibilityGlobals) = postSolution
		SolutionGuid = {D208E3FC-9DA2-4A4C-A445-6808DE62932E}
	EndGlobalSection
EndGlobal
